
Microsoft Visual Studio Solution File, Format Version 12.00
# Visual Studio Version 16
VisualStudioVersion = 16.0.36631.11
MinimumVisualStudioVersion = 10.0.40219.1
Project("{FAE04EC0-301F-11D3-BF4B-00C04F79EFBC}") = "Ecommerce.WebForms", "Ecommerce.WebForms\Ecommerce.WebForms.csproj", "{1F8CF763-7FD2-4C48-BE4A-B2F25BE11831}"
EndProject
Project("{2150E333-8FDC-42A3-9474-1A3956D46DE8}") = "Solution Items", "Solution Items", "{36C6A9F8-D986-4767-B41F-DF9DA6B7CF1B}"
	ProjectSection(SolutionItems) = preProject
		.gitignore = .gitignore
	EndProjectSection
EndProject
Project("{FAE04EC0-301F-11D3-BF4B-00C04F79EFBC}") = "Ecommerce.Dominio", "Ecommerce.Dominio\Ecommerce.Dominio.csproj", "{F33693A1-19BA-4340-9C9A-743ABDDFDF5F}"
EndProject
Project("{FAE04EC0-301F-11D3-BF4B-00C04F79EFBC}") = "Ecommerce.Negocio", "Ecommerce.Negocio\Ecommerce.Negocio.csproj", "{23DB3747-42FD-4DB1-A5ED-B04DA239451E}"
EndProject
Global
	GlobalSection(SolutionConfigurationPlatforms) = preSolution
		Debug|Any CPU = Debug|Any CPU
		Release|Any CPU = Release|Any CPU
	EndGlobalSection
	GlobalSection(ProjectConfigurationPlatforms) = postSolution
		{1F8CF763-7FD2-4C48-BE4A-B2F25BE11831}.Debug|Any CPU.ActiveCfg = Debug|Any CPU
		{1F8CF763-7FD2-4C48-BE4A-B2F25BE11831}.Debug|Any CPU.Build.0 = Debug|Any CPU
		{1F8CF763-7FD2-4C48-BE4A-B2F25BE11831}.Release|Any CPU.ActiveCfg = Release|Any CPU
		{1F8CF763-7FD2-4C48-BE4A-B2F25BE11831}.Release|Any CPU.Build.0 = Release|Any CPU
		{F33693A1-19BA-4340-9C9A-743ABDDFDF5F}.Debug|Any CPU.ActiveCfg = Debug|Any CPU
		{F33693A1-19BA-4340-9C9A-743ABDDFDF5F}.Debug|Any CPU.Build.0 = Debug|Any CPU
		{F33693A1-19BA-4340-9C9A-743ABDDFDF5F}.Release|Any CPU.ActiveCfg = Release|Any CPU
		{F33693A1-19BA-4340-9C9A-743ABDDFDF5F}.Release|Any CPU.Build.0 = Release|Any CPU
		{23DB3747-42FD-4DB1-A5ED-B04DA239451E}.Debug|Any CPU.ActiveCfg = Debug|Any CPU
		{23DB3747-42FD-4DB1-A5ED-B04DA239451E}.Debug|Any CPU.Build.0 = Debug|Any CPU
		{23DB3747-42FD-4DB1-A5ED-B04DA239451E}.Release|Any CPU.ActiveCfg = Release|Any CPU
		{23DB3747-42FD-4DB1-A5ED-B04DA239451E}.Release|Any CPU.Build.0 = Release|Any CPU
	EndGlobalSection
	GlobalSection(SolutionProperties) = preSolution
		HideSolutionNode = FALSE
	EndGlobalSection
	GlobalSection(ExtensibilityGlobals) = postSolution
		SolutionGuid = {DD33ED90-1FA5-4BDC-A207-3A1AD6DB5CBF}
	EndGlobalSection
EndGlobal
